
Microsoft Visual Studio Solution File, Format Version 11.00
# Visual Studio 2010
Project("{FAE04EC0-301F-11D3-BF4B-00C04F79EFBC}") = "IOSharp NETMF", "iosharp_netmf\IOSharp_NETMF.csproj", "{261C03F4-AAF9-4651-A473-B66C38F3D548}"
EndProject
Global
	GlobalSection(SolutionConfigurationPlatforms) = preSolution
		Debug|x86 = Debug|x86
		Release|x86 = Release|x86
	EndGlobalSection
	GlobalSection(ProjectConfigurationPlatforms) = postSolution
		{261C03F4-AAF9-4651-A473-B66C38F3D548}.Debug|x86.ActiveCfg = Debug|x86
		{261C03F4-AAF9-4651-A473-B66C38F3D548}.Debug|x86.Build.0 = Debug|x86
		{261C03F4-AAF9-4651-A473-B66C38F3D548}.Release|x86.ActiveCfg = Release|x86
		{261C03F4-AAF9-4651-A473-B66C38F3D548}.Release|x86.Build.0 = Release|x86
	EndGlobalSection
	GlobalSection(SolutionProperties) = preSolution
		HideSolutionNode = FALSE
	EndGlobalSection
EndGlobal
